PODS:
  - SNKThreadMonitor (0.2.2):
    - SNKThreadMonitor/Core (= 0.2.2)
  - SNKThreadMonitor/Core (0.2.2)
  - SwiftyJSON (5.0.1)

DEPENDENCIES:
  - SNKThreadMonitor (from `../`)
  - SwiftyJSON

SPEC REPOS:
  trunk:
    - SwiftyJSON

EXTERNAL SOURCES:
  SNKThreadMonitor:
    :path: "../"

SPEC CHECKSUMS:
  SNKThreadMonitor: a43a0e1ba4568e7d27c265412ad2d5866440956e
  SwiftyJSON: 2f33a42c6fbc52764d96f13368585094bfd8aa5e

PODFILE CHECKSUM: 8ea0dcf8ca67ae9b33d623cfcc41e6b10f964c28

COCOAPODS: 1.11.2
